
Microsoft Visual Studio Solution File, Format Version 12.00
# Visual Studio 15
VisualStudioVersion = 15.0.27130.2027
MinimumVisualStudioVersion = 10.0.40219.1
Project("{9A19103F-16F7-4668-BE54-9A1E7A4F7556}") = "SharePointWebAPI.NetCore", "SharePointWebAPI.NetCore\SharePointWebAPI.NetCore.csproj", "{20F2DEA4-6FEC-4F71-BA37-BBF9EB122135}"
EndProject
Project("{9A19103F-16F7-4668-BE54-9A1E7A4F7556}") = "SharePointWebAPIUnitTest", "SharePointWebAPIUnitTest\SharePointWebAPIUnitTest.csproj", "{74C21829-CB3A-4277-A335-D75C8CCD1AE9}"
EndProject
Global
	GlobalSection(SolutionConfigurationPlatforms) = preSolution
		Debug|Any CPU = Debug|Any CPU
		Release|Any CPU = Release|Any CPU
	EndGlobalSection
	GlobalSection(ProjectConfigurationPlatforms) = postSolution
		{20F2DEA4-6FEC-4F71-BA37-BBF9EB122135}.Debug|Any CPU.ActiveCfg = Debug|Any CPU
		{20F2DEA4-6FEC-4F71-BA37-BBF9EB122135}.Debug|Any CPU.Build.0 = Debug|Any CPU
		{20F2DEA4-6FEC-4F71-BA37-BBF9EB122135}.Release|Any CPU.ActiveCfg = Release|Any CPU
		{20F2DEA4-6FEC-4F71-BA37-BBF9EB122135}.Release|Any CPU.Build.0 = Release|Any CPU
		{74C21829-CB3A-4277-A335-D75C8CCD1AE9}.Debug|Any CPU.ActiveCfg = Debug|Any CPU
		{74C21829-CB3A-4277-A335-D75C8CCD1AE9}.Debug|Any CPU.Build.0 = Debug|Any CPU
		{74C21829-CB3A-4277-A335-D75C8CCD1AE9}.Release|Any CPU.ActiveCfg = Release|Any CPU
		{74C21829-CB3A-4277-A335-D75C8CCD1AE9}.Release|Any CPU.Build.0 = Release|Any CPU
	EndGlobalSection
	GlobalSection(SolutionProperties) = preSolution
		HideSolutionNode = FALSE
	EndGlobalSection
	GlobalSection(ExtensibilityGlobals) = postSolution
		SolutionGuid = {761E8F61-EFE2-4F5F-90BA-83EE41DA1792}
	EndGlobalSection
EndGlobal
